
Microsoft Visual Studio Solution File, Format Version 12.00
# Visual Studio Version 17
VisualStudioVersion = 17.11.35327.3
MinimumVisualStudioVersion = 10.0.40219.1
Project("{FAE04EC0-301F-11D3-BF4B-00C04F79EFBC}") = "FullstackLabb3", "FullstackLabb3\FullstackLabb3.csproj", "{BCE2714B-945B-4D03-A374-5D0B88FBA22D}"
EndProject
Global
	GlobalSection(SolutionConfigurationPlatforms) = preSolution
		Debug|Any CPU = Debug|Any CPU
		Release|Any CPU = Release|Any CPU
	EndGlobalSection
	GlobalSection(ProjectConfigurationPlatforms) = postSolution
		{BCE2714B-945B-4D03-A374-5D0B88FBA22D}.Debug|Any CPU.ActiveCfg = Debug|Any CPU
		{BCE2714B-945B-4D03-A374-5D0B88FBA22D}.Debug|Any CPU.Build.0 = Debug|Any CPU
		{BCE2714B-945B-4D03-A374-5D0B88FBA22D}.Release|Any CPU.ActiveCfg = Release|Any CPU
		{BCE2714B-945B-4D03-A374-5D0B88FBA22D}.Release|Any CPU.Build.0 = Release|Any CPU
	EndGlobalSection
	GlobalSection(SolutionProperties) = preSolution
		HideSolutionNode = FALSE
	EndGlobalSection
	GlobalSection(ExtensibilityGlobals) = postSolution
		SolutionGuid = {D7CCAA71-BDBF-4347-88BD-70B0322C7591}
	EndGlobalSection
EndGlobal
